
Microsoft Visual Studio Solution File, Format Version 12.00
# Visual Studio 15
VisualStudioVersion = 15.0.26730.16
MinimumVisualStudioVersion = 10.0.40219.1
Project("{A07B5EB6-E848-4116-A8D0-A826331D98C6}") = "HealthMetrics", "HealthMetrics\HealthMetrics.sfproj", "{FF09C711-C0E8-4191-B639-779ED1DED513}"
EndProject
Project("{FAE04EC0-301F-11D3-BF4B-00C04F79EFBC}") = "WebService", "WebService\WebService.csproj", "{E1B56872-B7BC-4C2C-B8FB-1D66767C405E}"
EndProject
Global
	GlobalSection(SolutionConfigurationPlatforms) = preSolution
		Debug|Any CPU = Debug|Any CPU
		Debug|x64 = Debug|x64
		Release|Any CPU = Release|Any CPU
		Release|x64 = Release|x64
	EndGlobalSection
	GlobalSection(ProjectConfigurationPlatforms) = postSolution
		{FF09C711-C0E8-4191-B639-779ED1DED513}.Debug|Any CPU.ActiveCfg = Debug|x64
		{FF09C711-C0E8-4191-B639-779ED1DED513}.Debug|x64.ActiveCfg = Debug|x64
		{FF09C711-C0E8-4191-B639-779ED1DED513}.Debug|x64.Build.0 = Debug|x64
		{FF09C711-C0E8-4191-B639-779ED1DED513}.Debug|x64.Deploy.0 = Debug|x64
		{FF09C711-C0E8-4191-B639-779ED1DED513}.Release|Any CPU.ActiveCfg = Release|x64
		{FF09C711-C0E8-4191-B639-779ED1DED513}.Release|x64.ActiveCfg = Release|x64
		{FF09C711-C0E8-4191-B639-779ED1DED513}.Release|x64.Build.0 = Release|x64
		{FF09C711-C0E8-4191-B639-779ED1DED513}.Release|x64.Deploy.0 = Release|x64
		{E1B56872-B7BC-4C2C-B8FB-1D66767C405E}.Debug|Any CPU.ActiveCfg = Debug|Any CPU
		{E1B56872-B7BC-4C2C-B8FB-1D66767C405E}.Debug|Any CPU.Build.0 = Debug|Any CPU
		{E1B56872-B7BC-4C2C-B8FB-1D66767C405E}.Debug|x64.ActiveCfg = Debug|Any CPU
		{E1B56872-B7BC-4C2C-B8FB-1D66767C405E}.Debug|x64.Build.0 = Debug|Any CPU
		{E1B56872-B7BC-4C2C-B8FB-1D66767C405E}.Release|Any CPU.ActiveCfg = Release|Any CPU
		{E1B56872-B7BC-4C2C-B8FB-1D66767C405E}.Release|Any CPU.Build.0 = Release|Any CPU
		{E1B56872-B7BC-4C2C-B8FB-1D66767C405E}.Release|x64.ActiveCfg = Release|Any CPU
		{E1B56872-B7BC-4C2C-B8FB-1D66767C405E}.Release|x64.Build.0 = Release|Any CPU
	EndGlobalSection
	GlobalSection(SolutionProperties) = preSolution
		HideSolutionNode = FALSE
	EndGlobalSection
	GlobalSection(ExtensibilityGlobals) = postSolution
		SolutionGuid = {FADCA791-F60C-4A96-9863-69D9EFD679C7}
	EndGlobalSection
EndGlobal
